
Microsoft Visual Studio Solution File, Format Version 12.00
# Visual Studio 2012
Project("{FAE04EC0-301F-11D3-BF4B-00C04F79EFBC}") = "Javascript", "Javascript\Javascript.csproj", "{4A0858A5-CB54-475C-8B98-894FA69AEDAB}"
EndProject
Project("{FAE04EC0-301F-11D3-BF4B-00C04F79EFBC}") = "UpdatePanel", "UpdatePanel\UpdatePanel.csproj", "{1210D88A-D86B-4385-B868-D96F893839BF}"
EndProject
Global
	GlobalSection(SolutionConfigurationPlatforms) = preSolution
		Debug|Any CPU = Debug|Any CPU
		Release|Any CPU = Release|Any CPU
	EndGlobalSection
	GlobalSection(ProjectConfigurationPlatforms) = postSolution
		{4A0858A5-CB54-475C-8B98-894FA69AEDAB}.Debug|Any CPU.ActiveCfg = Debug|Any CPU
		{4A0858A5-CB54-475C-8B98-894FA69AEDAB}.Debug|Any CPU.Build.0 = Debug|Any CPU
		{4A0858A5-CB54-475C-8B98-894FA69AEDAB}.Release|Any CPU.ActiveCfg = Release|Any CPU
		{4A0858A5-CB54-475C-8B98-894FA69AEDAB}.Release|Any CPU.Build.0 = Release|Any CPU
		{1210D88A-D86B-4385-B868-D96F893839BF}.Debug|Any CPU.ActiveCfg = Debug|Any CPU
		{1210D88A-D86B-4385-B868-D96F893839BF}.Debug|Any CPU.Build.0 = Debug|Any CPU
		{1210D88A-D86B-4385-B868-D96F893839BF}.Release|Any CPU.ActiveCfg = Release|Any CPU
		{1210D88A-D86B-4385-B868-D96F893839BF}.Release|Any CPU.Build.0 = Release|Any CPU
	EndGlobalSection
	GlobalSection(SolutionProperties) = preSolution
		HideSolutionNode = FALSE
	EndGlobalSection
EndGlobal
